
Microsoft Visual Studio Solution File, Format Version 12.00
# Visual Studio Version 16
VisualStudioVersion = 16.0.31313.79
MinimumVisualStudioVersion = 10.0.40219.1
Project("{FAE04EC0-301F-11D3-BF4B-00C04F79EFBC}") = "BlazorSVGAnimateExample", "BlazorSVGAnimateExample\BlazorSVGAnimateExample.csproj", "{4B13E887-957C-4792-B1F0-947D3C6AED55}"
EndProject
Global
	GlobalSection(SolutionConfigurationPlatforms) = preSolution
		Debug|Any CPU = Debug|Any CPU
		Release|Any CPU = Release|Any CPU
	EndGlobalSection
	GlobalSection(ProjectConfigurationPlatforms) = postSolution
		{4B13E887-957C-4792-B1F0-947D3C6AED55}.Debug|Any CPU.ActiveCfg = Debug|Any CPU
		{4B13E887-957C-4792-B1F0-947D3C6AED55}.Debug|Any CPU.Build.0 = Debug|Any CPU
		{4B13E887-957C-4792-B1F0-947D3C6AED55}.Release|Any CPU.ActiveCfg = Release|Any CPU
		{4B13E887-957C-4792-B1F0-947D3C6AED55}.Release|Any CPU.Build.0 = Release|Any CPU
	EndGlobalSection
	GlobalSection(SolutionProperties) = preSolution
		HideSolutionNode = FALSE
	EndGlobalSection
	GlobalSection(ExtensibilityGlobals) = postSolution
		SolutionGuid = {7CF67D62-05B9-418E-B112-D8478535B365}
	EndGlobalSection
EndGlobal
